
Microsoft Visual Studio Solution File, Format Version 12.00
# Visual Studio Version 16
VisualStudioVersion = 16.0.29926.136
MinimumVisualStudioVersion = 10.0.40219.1
Project("{FAE04EC0-301F-11D3-BF4B-00C04F79EFBC}") = "Modul4_Kel45", "Modul4_Kel45\Modul4_Kel45.csproj", "{1C713A26-FB6E-450C-9DDF-C773FBC1F888}"
EndProject
Global
	GlobalSection(SolutionConfigurationPlatforms) = preSolution
		Debug|Any CPU = Debug|Any CPU
		Release|Any CPU = Release|Any CPU
	EndGlobalSection
	GlobalSection(ProjectConfigurationPlatforms) = postSolution
		{1C713A26-FB6E-450C-9DDF-C773FBC1F888}.Debug|Any CPU.ActiveCfg = Debug|Any CPU
		{1C713A26-FB6E-450C-9DDF-C773FBC1F888}.Debug|Any CPU.Build.0 = Debug|Any CPU
		{1C713A26-FB6E-450C-9DDF-C773FBC1F888}.Release|Any CPU.ActiveCfg = Release|Any CPU
		{1C713A26-FB6E-450C-9DDF-C773FBC1F888}.Release|Any CPU.Build.0 = Release|Any CPU
	EndGlobalSection
	GlobalSection(SolutionProperties) = preSolution
		HideSolutionNode = FALSE
	EndGlobalSection
	GlobalSection(ExtensibilityGlobals) = postSolution
		SolutionGuid = {DA9FC81A-C760-49BD-8856-AF68F0BDDA6D}
	EndGlobalSection
EndGlobal
